
Microsoft Visual Studio Solution File, Format Version 12.00
# Visual Studio Version 17
VisualStudioVersion = 17.8.34330.188
MinimumVisualStudioVersion = 10.0.40219.1
Project("{FAE04EC0-301F-11D3-BF4B-00C04F79EFBC}") = "Management-Core", "Management-Core\Management-Core.csproj", "{CFD086DC-E953-4BF9-9F22-79891B34B5F1}"
EndProject
Global
	GlobalSection(SolutionConfigurationPlatforms) = preSolution
		Debug|Any CPU = Debug|Any CPU
		Release|Any CPU = Release|Any CPU
	EndGlobalSection
	GlobalSection(ProjectConfigurationPlatforms) = postSolution
		{CFD086DC-E953-4BF9-9F22-79891B34B5F1}.Debug|Any CPU.ActiveCfg = Debug|Any CPU
		{CFD086DC-E953-4BF9-9F22-79891B34B5F1}.Debug|Any CPU.Build.0 = Debug|Any CPU
		{CFD086DC-E953-4BF9-9F22-79891B34B5F1}.Release|Any CPU.ActiveCfg = Release|Any CPU
		{CFD086DC-E953-4BF9-9F22-79891B34B5F1}.Release|Any CPU.Build.0 = Release|Any CPU
	EndGlobalSection
	GlobalSection(SolutionProperties) = preSolution
		HideSolutionNode = FALSE
	EndGlobalSection
	GlobalSection(ExtensibilityGlobals) = postSolution
		SolutionGuid = {920B5245-118F-4E32-9A1F-B5E3F711E22D}
	EndGlobalSection
EndGlobal
